
Microsoft Visual Studio Solution File, Format Version 12.00
# Visual Studio Version 17
VisualStudioVersion = 17.5.33502.453
MinimumVisualStudioVersion = 10.0.40219.1
Project("{FAE04EC0-301F-11D3-BF4B-00C04F79EFBC}") = "Playwright2FA", "Playwright2FA\Playwright2FA.csproj", "{1567279B-48C9-417A-A438-85DD61D4C92E}"
EndProject
Global
	GlobalSection(SolutionConfigurationPlatforms) = preSolution
		Debug|Any CPU = Debug|Any CPU
		Release|Any CPU = Release|Any CPU
	EndGlobalSection
	GlobalSection(ProjectConfigurationPlatforms) = postSolution
		{1567279B-48C9-417A-A438-85DD61D4C92E}.Debug|Any CPU.ActiveCfg = Debug|Any CPU
		{1567279B-48C9-417A-A438-85DD61D4C92E}.Debug|Any CPU.Build.0 = Debug|Any CPU
		{1567279B-48C9-417A-A438-85DD61D4C92E}.Release|Any CPU.ActiveCfg = Release|Any CPU
		{1567279B-48C9-417A-A438-85DD61D4C92E}.Release|Any CPU.Build.0 = Release|Any CPU
	EndGlobalSection
	GlobalSection(SolutionProperties) = preSolution
		HideSolutionNode = FALSE
	EndGlobalSection
	GlobalSection(ExtensibilityGlobals) = postSolution
		SolutionGuid = {52D71560-D724-40BE-9629-69D8F0B8B465}
	EndGlobalSection
EndGlobal
